
Microsoft Visual Studio Solution File, Format Version 12.00
# Visual Studio 15
Project("{FAE04EC0-301F-11D3-BF4B-00C04F79EFBC}") = "Hotel", "Hotel\Hotel.csproj", "{F632EDCD-B672-4E63-A5BF-7DC8A6F1DFC3}"
EndProject
Project("{2150E333-8FDC-42A3-9474-1A3956D46DE8}") = "Entities", "Entities", "{A34D35C8-BECA-4111-BEA5-55BFC2AF38E9}"
EndProject
Project("{2150E333-8FDC-42A3-9474-1A3956D46DE8}") = "Repository", "Repository", "{861AC0EC-DFC8-4310-B018-287C988665BA}"
EndProject
Project("{2150E333-8FDC-42A3-9474-1A3956D46DE8}") = "Domain", "Domain", "{3FAE5F38-B50C-4E9E-9076-3F70DDF21511}"
EndProject
Project("{2150E333-8FDC-42A3-9474-1A3956D46DE8}") = "Facade", "Facade", "{4BC641BB-3051-43C2-B269-4990515D2AB9}"
EndProject
Project("{2150E333-8FDC-42A3-9474-1A3956D46DE8}") = "UI", "UI", "{C1E2DC2E-278B-417F-B6DD-9E9C6EBCA15C}"
EndProject
Project("{FAE04EC0-301F-11D3-BF4B-00C04F79EFBC}") = "EmployeeApi", "EmployeeApi\EmployeeApi.csproj", "{19D309CD-D1A2-48B3-99FE-A48DDB6ACCC7}"
EndProject
Project("{FAE04EC0-301F-11D3-BF4B-00C04F79EFBC}") = "ManagementEmployee", "EmployeeApi\ManagementEmployee\ManagementEmployee.csproj", "{2C369DF6-A351-4A20-A6E8-529F52C23E3B}"
EndProject
Project("{FAE04EC0-301F-11D3-BF4B-00C04F79EFBC}") = "FOTHEmployee", "EmployeeApi\FOTHEmployee\FOTHEmployee.csproj", "{A16D68CA-A39A-40DB-B171-62D869A12FFD}"
EndProject
Project("{FAE04EC0-301F-11D3-BF4B-00C04F79EFBC}") = "ReservationApi", "EmployeeApi\ReservationApi\ReservationApi.csproj", "{1B47246D-D37B-44B4-B592-7964DBBAF158}"
EndProject
Project("{FAE04EC0-301F-11D3-BF4B-00C04F79EFBC}") = "NormalReservation", "EmployeeApi\NormalReservation\NormalReservation.csproj", "{17DB9A0B-5C9A-4357-8767-46D81EFE2F21}"
EndProject
Project("{FAE04EC0-301F-11D3-BF4B-00C04F79EFBC}") = "DiscountedReservation", "EmployeeApi\DiscountedReservation\DiscountedReservation.csproj", "{D54CA3D4-BA52-4520-8CF7-EFBB287CE090}"
EndProject
Project("{FAE04EC0-301F-11D3-BF4B-00C04F79EFBC}") = "RoomApi", "EmployeeApi\RoomApi\RoomApi.csproj", "{2B4621FC-49B0-4CD7-8E5C-30CA21452AB2}"
EndProject
Project("{FAE04EC0-301F-11D3-BF4B-00C04F79EFBC}") = "NormalRoom", "EmployeeApi\NormalRoom\NormalRoom.csproj", "{85B72074-49F4-4EF6-A7D9-ADAA090C4128}"
EndProject
Project("{FAE04EC0-301F-11D3-BF4B-00C04F79EFBC}") = "EmployeeRepositoryApi", "EmployeeRepositoryApi\EmployeeRepositoryApi.csproj", "{CC272475-551A-4057-A836-0386BB8282D0}"
EndProject
Project("{FAE04EC0-301F-11D3-BF4B-00C04F79EFBC}") = "InMemoryEmployee", "EmployeeRepositoryApi\InMemoryEmployee\InMemoryEmployee.csproj", "{71F0380C-1CDE-424F-8815-12FB81A593C5}"
EndProject
Project("{FAE04EC0-301F-11D3-BF4B-00C04F79EFBC}") = "ReservationRepositoryApi", "EmployeeRepositoryApi\ReservationRepositoryApi\ReservationRepositoryApi.csproj", "{4E6A68B5-D9DF-49BE-9171-4C4C1FFCB4D1}"
EndProject
Project("{FAE04EC0-301F-11D3-BF4B-00C04F79EFBC}") = "InMemoryReservation", "EmployeeRepositoryApi\InMemoryReservation\InMemoryReservation.csproj", "{7099AB22-7503-46AC-B3EE-6B30A2D43661}"
EndProject
Project("{FAE04EC0-301F-11D3-BF4B-00C04F79EFBC}") = "RoomRepositoryApi", "EmployeeRepositoryApi\RoomRepositoryApi\RoomRepositoryApi.csproj", "{6B780DD1-0B6D-4196-9FB4-5DA342661B86}"
EndProject
Project("{FAE04EC0-301F-11D3-BF4B-00C04F79EFBC}") = "InMemoryRoom", "EmployeeRepositoryApi\InMemoryRoom\InMemoryRoom.csproj", "{086C8554-F53C-469E-9730-1247D19B3F1E}"
EndProject
Project("{FAE04EC0-301F-11D3-BF4B-00C04F79EFBC}") = "RoomServiceApi", "RoomServiceApi\RoomServiceApi.csproj", "{1C842277-D9F1-4663-B00A-074143AD8111}"
EndProject
Project("{FAE04EC0-301F-11D3-BF4B-00C04F79EFBC}") = "RegularRoom", "RoomServiceApi\RegularRoom\RegularRoom.csproj", "{A776324A-C1AA-43B4-8A4B-D72D378CD9FF}"
EndProject
Project("{FAE04EC0-301F-11D3-BF4B-00C04F79EFBC}") = "ReservationServiceApi", "ReservationServiceApi\ReservationServiceApi.csproj", "{09C39BD4-465D-490B-B687-8AF96A03AF46}"
EndProject
Project("{FAE04EC0-301F-11D3-BF4B-00C04F79EFBC}") = "RegularReservation", "RegularReservation\RegularReservation.csproj", "{13935F19-FC05-4CD5-9594-C110A374C26F}"
EndProject
Project("{FAE04EC0-301F-11D3-BF4B-00C04F79EFBC}") = "FOTHEmployeeServiceApi", "FOTHEmployeeServiceApi\FOTHEmployeeServiceApi.csproj", "{262226FA-AA24-47CD-86EC-4C4169D07412}"
EndProject
Project("{FAE04EC0-301F-11D3-BF4B-00C04F79EFBC}") = "RegularFOTH", "RegularFOTH\RegularFOTH.csproj", "{E4DDB1DA-E19E-4BFC-B614-5E6524E11257}"
EndProject
Project("{FAE04EC0-301F-11D3-BF4B-00C04F79EFBC}") = "InternFOTH", "InternFOTH\InternFOTH.csproj", "{0273C97B-FDA1-45C7-9EE0-934ECD781A07}"
EndProject
Project("{FAE04EC0-301F-11D3-BF4B-00C04F79EFBC}") = "ManagementEmployeeServiceApi", "ManagementEmployeeServiceApi\ManagementEmployeeServiceApi.csproj", "{9E152638-4197-4B35-B8F4-1A3374E6CA37}"
EndProject
Project("{FAE04EC0-301F-11D3-BF4B-00C04F79EFBC}") = "RegularManagementEmployee", "RegularManagementEmployee\RegularManagementEmployee.csproj", "{57362F82-302F-4D99-8200-DBE4AD0E1938}"
EndProject
Project("{FAE04EC0-301F-11D3-BF4B-00C04F79EFBC}") = "RoomFacadeApi", "RoomFacadeApi\RoomFacadeApi.csproj", "{6F7DBD06-FEC4-417E-9617-D76310C568C3}"
EndProject
Project("{FAE04EC0-301F-11D3-BF4B-00C04F79EFBC}") = "DefaultRoom", "DefaultRoom\DefaultRoom.csproj", "{5E0E2C1E-6799-48DB-8F40-625F616607C3}"
EndProject
Project("{FAE04EC0-301F-11D3-BF4B-00C04F79EFBC}") = "ReservationFacadeApi", "ReservationFacadeApi\ReservationFacadeApi.csproj", "{C47423E0-CF15-457F-8699-686C36E25C6F}"
EndProject
Project("{FAE04EC0-301F-11D3-BF4B-00C04F79EFBC}") = "DefaultReservation", "DefaultReservation\DefaultReservation.csproj", "{A2DD8F33-44E4-4788-82C6-7E76710A6382}"
EndProject
Project("{FAE04EC0-301F-11D3-BF4B-00C04F79EFBC}") = "AdditionallyTaxedReservation", "AdditionallyTaxedReservation\AdditionallyTaxedReservation.csproj", "{B5989920-7CBB-4691-A158-CC4FBBBA737E}"
EndProject
Project("{FAE04EC0-301F-11D3-BF4B-00C04F79EFBC}") = "EmployeeFacadeApi", "EmployeeFacadeApi\EmployeeFacadeApi.csproj", "{33CB866A-8756-463C-8B5F-9D1CB5C63D85}"
EndProject
Project("{FAE04EC0-301F-11D3-BF4B-00C04F79EFBC}") = "DefaultEmployee", "DefaultEmployee\DefaultEmployee.csproj", "{42DE07B7-6EF7-4FDD-AB1E-67B57E94759F}"
EndProject
Project("{FAE04EC0-301F-11D3-BF4B-00C04F79EFBC}") = "UIApi", "UIApi\UIApi.csproj", "{008559C4-057A-4EA8-8911-24A963E13573}"
EndProject
Project("{FAE04EC0-301F-11D3-BF4B-00C04F79EFBC}") = "ManagementConsole", "UIApi\ManagementConsole\ManagementConsole.csproj", "{29BFFA6B-B266-4711-B048-D3443FB46D17}"
EndProject
Project("{FAE04EC0-301F-11D3-BF4B-00C04F79EFBC}") = "Modules", "Modules\Modules.csproj", "{78CE1FAF-B2CB-482E-8C92-A12EE846DE2E}"
EndProject
Project("{2150E333-8FDC-42A3-9474-1A3956D46DE8}") = "Integration components", "Integration components", "{53026E80-92EE-4ABB-8454-0FA1294B0021}"
EndProject
Project("{FAE04EC0-301F-11D3-BF4B-00C04F79EFBC}") = "MailApi", "MailApi\MailApi.csproj", "{D266F40F-F1D2-42CA-8F7C-284EDAC1F2C3}"
EndProject
Project("{FAE04EC0-301F-11D3-BF4B-00C04F79EFBC}") = "GmailSender", "GmailSender\GmailSender.csproj", "{4BAD9772-7E59-48C9-8CE9-D47ADD8AB77D}"
EndProject
Project("{FAE04EC0-301F-11D3-BF4B-00C04F79EFBC}") = "OutlookSender", "OutlookSender\OutlookSender.csproj", "{A6AE60A5-E85A-4F92-8702-5AD6CC72558A}"
EndProject
Global
	GlobalSection(SolutionConfigurationPlatforms) = preSolution
		Debug|x86 = Debug|x86
		Release|x86 = Release|x86
	EndGlobalSection
	GlobalSection(ProjectConfigurationPlatforms) = postSolution
		{F632EDCD-B672-4E63-A5BF-7DC8A6F1DFC3}.Debug|x86.ActiveCfg = Debug|x86
		{F632EDCD-B672-4E63-A5BF-7DC8A6F1DFC3}.Debug|x86.Build.0 = Debug|x86
		{F632EDCD-B672-4E63-A5BF-7DC8A6F1DFC3}.Release|x86.ActiveCfg = Release|x86
		{F632EDCD-B672-4E63-A5BF-7DC8A6F1DFC3}.Release|x86.Build.0 = Release|x86
		{19D309CD-D1A2-48B3-99FE-A48DDB6ACCC7}.Debug|x86.ActiveCfg = Debug|Any CPU
		{19D309CD-D1A2-48B3-99FE-A48DDB6ACCC7}.Debug|x86.Build.0 = Debug|Any CPU
		{19D309CD-D1A2-48B3-99FE-A48DDB6ACCC7}.Release|x86.ActiveCfg = Release|Any CPU
		{19D309CD-D1A2-48B3-99FE-A48DDB6ACCC7}.Release|x86.Build.0 = Release|Any CPU
		{2C369DF6-A351-4A20-A6E8-529F52C23E3B}.Debug|x86.ActiveCfg = Debug|Any CPU
		{2C369DF6-A351-4A20-A6E8-529F52C23E3B}.Debug|x86.Build.0 = Debug|Any CPU
		{2C369DF6-A351-4A20-A6E8-529F52C23E3B}.Release|x86.ActiveCfg = Release|Any CPU
		{2C369DF6-A351-4A20-A6E8-529F52C23E3B}.Release|x86.Build.0 = Release|Any CPU
		{A16D68CA-A39A-40DB-B171-62D869A12FFD}.Debug|x86.ActiveCfg = Debug|Any CPU
		{A16D68CA-A39A-40DB-B171-62D869A12FFD}.Debug|x86.Build.0 = Debug|Any CPU
		{A16D68CA-A39A-40DB-B171-62D869A12FFD}.Release|x86.ActiveCfg = Release|Any CPU
		{A16D68CA-A39A-40DB-B171-62D869A12FFD}.Release|x86.Build.0 = Release|Any CPU
		{1B47246D-D37B-44B4-B592-7964DBBAF158}.Debug|x86.ActiveCfg = Debug|Any CPU
		{1B47246D-D37B-44B4-B592-7964DBBAF158}.Debug|x86.Build.0 = Debug|Any CPU
		{1B47246D-D37B-44B4-B592-7964DBBAF158}.Release|x86.ActiveCfg = Release|Any CPU
		{1B47246D-D37B-44B4-B592-7964DBBAF158}.Release|x86.Build.0 = Release|Any CPU
		{17DB9A0B-5C9A-4357-8767-46D81EFE2F21}.Debug|x86.ActiveCfg = Debug|Any CPU
		{17DB9A0B-5C9A-4357-8767-46D81EFE2F21}.Debug|x86.Build.0 = Debug|Any CPU
		{17DB9A0B-5C9A-4357-8767-46D81EFE2F21}.Release|x86.ActiveCfg = Release|Any CPU
		{17DB9A0B-5C9A-4357-8767-46D81EFE2F21}.Release|x86.Build.0 = Release|Any CPU
		{D54CA3D4-BA52-4520-8CF7-EFBB287CE090}.Debug|x86.ActiveCfg = Debug|Any CPU
		{D54CA3D4-BA52-4520-8CF7-EFBB287CE090}.Debug|x86.Build.0 = Debug|Any CPU
		{D54CA3D4-BA52-4520-8CF7-EFBB287CE090}.Release|x86.ActiveCfg = Release|Any CPU
		{D54CA3D4-BA52-4520-8CF7-EFBB287CE090}.Release|x86.Build.0 = Release|Any CPU
		{2B4621FC-49B0-4CD7-8E5C-30CA21452AB2}.Debug|x86.ActiveCfg = Debug|Any CPU
		{2B4621FC-49B0-4CD7-8E5C-30CA21452AB2}.Debug|x86.Build.0 = Debug|Any CPU
		{2B4621FC-49B0-4CD7-8E5C-30CA21452AB2}.Release|x86.ActiveCfg = Release|Any CPU
		{2B4621FC-49B0-4CD7-8E5C-30CA21452AB2}.Release|x86.Build.0 = Release|Any CPU
		{85B72074-49F4-4EF6-A7D9-ADAA090C4128}.Debug|x86.ActiveCfg = Debug|Any CPU
		{85B72074-49F4-4EF6-A7D9-ADAA090C4128}.Debug|x86.Build.0 = Debug|Any CPU
		{85B72074-49F4-4EF6-A7D9-ADAA090C4128}.Release|x86.ActiveCfg = Release|Any CPU
		{85B72074-49F4-4EF6-A7D9-ADAA090C4128}.Release|x86.Build.0 = Release|Any CPU
		{CC272475-551A-4057-A836-0386BB8282D0}.Debug|x86.ActiveCfg = Debug|Any CPU
		{CC272475-551A-4057-A836-0386BB8282D0}.Debug|x86.Build.0 = Debug|Any CPU
		{CC272475-551A-4057-A836-0386BB8282D0}.Release|x86.ActiveCfg = Release|Any CPU
		{CC272475-551A-4057-A836-0386BB8282D0}.Release|x86.Build.0 = Release|Any CPU
		{71F0380C-1CDE-424F-8815-12FB81A593C5}.Debug|x86.ActiveCfg = Debug|Any CPU
		{71F0380C-1CDE-424F-8815-12FB81A593C5}.Debug|x86.Build.0 = Debug|Any CPU
		{71F0380C-1CDE-424F-8815-12FB81A593C5}.Release|x86.ActiveCfg = Release|Any CPU
		{71F0380C-1CDE-424F-8815-12FB81A593C5}.Release|x86.Build.0 = Release|Any CPU
		{4E6A68B5-D9DF-49BE-9171-4C4C1FFCB4D1}.Debug|x86.ActiveCfg = Debug|Any CPU
		{4E6A68B5-D9DF-49BE-9171-4C4C1FFCB4D1}.Debug|x86.Build.0 = Debug|Any CPU
		{4E6A68B5-D9DF-49BE-9171-4C4C1FFCB4D1}.Release|x86.ActiveCfg = Release|Any CPU
		{4E6A68B5-D9DF-49BE-9171-4C4C1FFCB4D1}.Release|x86.Build.0 = Release|Any CPU
		{7099AB22-7503-46AC-B3EE-6B30A2D43661}.Debug|x86.ActiveCfg = Debug|Any CPU
		{7099AB22-7503-46AC-B3EE-6B30A2D43661}.Debug|x86.Build.0 = Debug|Any CPU
		{7099AB22-7503-46AC-B3EE-6B30A2D43661}.Release|x86.ActiveCfg = Release|Any CPU
		{7099AB22-7503-46AC-B3EE-6B30A2D43661}.Release|x86.Build.0 = Release|Any CPU
		{6B780DD1-0B6D-4196-9FB4-5DA342661B86}.Debug|x86.ActiveCfg = Debug|Any CPU
		{6B780DD1-0B6D-4196-9FB4-5DA342661B86}.Debug|x86.Build.0 = Debug|Any CPU
		{6B780DD1-0B6D-4196-9FB4-5DA342661B86}.Release|x86.ActiveCfg = Release|Any CPU
		{6B780DD1-0B6D-4196-9FB4-5DA342661B86}.Release|x86.Build.0 = Release|Any CPU
		{086C8554-F53C-469E-9730-1247D19B3F1E}.Debug|x86.ActiveCfg = Debug|Any CPU
		{086C8554-F53C-469E-9730-1247D19B3F1E}.Debug|x86.Build.0 = Debug|Any CPU
		{086C8554-F53C-469E-9730-1247D19B3F1E}.Release|x86.ActiveCfg = Release|Any CPU
		{086C8554-F53C-469E-9730-1247D19B3F1E}.Release|x86.Build.0 = Release|Any CPU
		{1C842277-D9F1-4663-B00A-074143AD8111}.Debug|x86.ActiveCfg = Debug|Any CPU
		{1C842277-D9F1-4663-B00A-074143AD8111}.Debug|x86.Build.0 = Debug|Any CPU
		{1C842277-D9F1-4663-B00A-074143AD8111}.Release|x86.ActiveCfg = Release|Any CPU
		{1C842277-D9F1-4663-B00A-074143AD8111}.Release|x86.Build.0 = Release|Any CPU
		{A776324A-C1AA-43B4-8A4B-D72D378CD9FF}.Debug|x86.ActiveCfg = Debug|Any CPU
		{A776324A-C1AA-43B4-8A4B-D72D378CD9FF}.Debug|x86.Build.0 = Debug|Any CPU
		{A776324A-C1AA-43B4-8A4B-D72D378CD9FF}.Release|x86.ActiveCfg = Release|Any CPU
		{A776324A-C1AA-43B4-8A4B-D72D378CD9FF}.Release|x86.Build.0 = Release|Any CPU
		{09C39BD4-465D-490B-B687-8AF96A03AF46}.Debug|x86.ActiveCfg = Debug|Any CPU
		{09C39BD4-465D-490B-B687-8AF96A03AF46}.Debug|x86.Build.0 = Debug|Any CPU
		{09C39BD4-465D-490B-B687-8AF96A03AF46}.Release|x86.ActiveCfg = Release|Any CPU
		{09C39BD4-465D-490B-B687-8AF96A03AF46}.Release|x86.Build.0 = Release|Any CPU
		{13935F19-FC05-4CD5-9594-C110A374C26F}.Debug|x86.ActiveCfg = Debug|Any CPU
		{13935F19-FC05-4CD5-9594-C110A374C26F}.Debug|x86.Build.0 = Debug|Any CPU
		{13935F19-FC05-4CD5-9594-C110A374C26F}.Release|x86.ActiveCfg = Release|Any CPU
		{13935F19-FC05-4CD5-9594-C110A374C26F}.Release|x86.Build.0 = Release|Any CPU
		{262226FA-AA24-47CD-86EC-4C4169D07412}.Debug|x86.ActiveCfg = Debug|Any CPU
		{262226FA-AA24-47CD-86EC-4C4169D07412}.Debug|x86.Build.0 = Debug|Any CPU
		{262226FA-AA24-47CD-86EC-4C4169D07412}.Release|x86.ActiveCfg = Release|Any CPU
		{262226FA-AA24-47CD-86EC-4C4169D07412}.Release|x86.Build.0 = Release|Any CPU
		{E4DDB1DA-E19E-4BFC-B614-5E6524E11257}.Debug|x86.ActiveCfg = Debug|Any CPU
		{E4DDB1DA-E19E-4BFC-B614-5E6524E11257}.Debug|x86.Build.0 = Debug|Any CPU
		{E4DDB1DA-E19E-4BFC-B614-5E6524E11257}.Release|x86.ActiveCfg = Release|Any CPU
		{E4DDB1DA-E19E-4BFC-B614-5E6524E11257}.Release|x86.Build.0 = Release|Any CPU
		{0273C97B-FDA1-45C7-9EE0-934ECD781A07}.Debug|x86.ActiveCfg = Debug|Any CPU
		{0273C97B-FDA1-45C7-9EE0-934ECD781A07}.Debug|x86.Build.0 = Debug|Any CPU
		{0273C97B-FDA1-45C7-9EE0-934ECD781A07}.Release|x86.ActiveCfg = Release|Any CPU
		{0273C97B-FDA1-45C7-9EE0-934ECD781A07}.Release|x86.Build.0 = Release|Any CPU
		{9E152638-4197-4B35-B8F4-1A3374E6CA37}.Debug|x86.ActiveCfg = Debug|Any CPU
		{9E152638-4197-4B35-B8F4-1A3374E6CA37}.Debug|x86.Build.0 = Debug|Any CPU
		{9E152638-4197-4B35-B8F4-1A3374E6CA37}.Release|x86.ActiveCfg = Release|Any CPU
		{9E152638-4197-4B35-B8F4-1A3374E6CA37}.Release|x86.Build.0 = Release|Any CPU
		{57362F82-302F-4D99-8200-DBE4AD0E1938}.Debug|x86.ActiveCfg = Debug|Any CPU
		{57362F82-302F-4D99-8200-DBE4AD0E1938}.Debug|x86.Build.0 = Debug|Any CPU
		{57362F82-302F-4D99-8200-DBE4AD0E1938}.Release|x86.ActiveCfg = Release|Any CPU
		{57362F82-302F-4D99-8200-DBE4AD0E1938}.Release|x86.Build.0 = Release|Any CPU
		{6F7DBD06-FEC4-417E-9617-D76310C568C3}.Debug|x86.ActiveCfg = Debug|Any CPU
		{6F7DBD06-FEC4-417E-9617-D76310C568C3}.Debug|x86.Build.0 = Debug|Any CPU
		{6F7DBD06-FEC4-417E-9617-D76310C568C3}.Release|x86.ActiveCfg = Release|Any CPU
		{6F7DBD06-FEC4-417E-9617-D76310C568C3}.Release|x86.Build.0 = Release|Any CPU
		{5E0E2C1E-6799-48DB-8F40-625F616607C3}.Debug|x86.ActiveCfg = Debug|Any CPU
		{5E0E2C1E-6799-48DB-8F40-625F616607C3}.Debug|x86.Build.0 = Debug|Any CPU
		{5E0E2C1E-6799-48DB-8F40-625F616607C3}.Release|x86.ActiveCfg = Release|Any CPU
		{5E0E2C1E-6799-48DB-8F40-625F616607C3}.Release|x86.Build.0 = Release|Any CPU
		{C47423E0-CF15-457F-8699-686C36E25C6F}.Debug|x86.ActiveCfg = Debug|Any CPU
		{C47423E0-CF15-457F-8699-686C36E25C6F}.Debug|x86.Build.0 = Debug|Any CPU
		{C47423E0-CF15-457F-8699-686C36E25C6F}.Release|x86.ActiveCfg = Release|Any CPU
		{C47423E0-CF15-457F-8699-686C36E25C6F}.Release|x86.Build.0 = Release|Any CPU
		{A2DD8F33-44E4-4788-82C6-7E76710A6382}.Debug|x86.ActiveCfg = Debug|Any CPU
		{A2DD8F33-44E4-4788-82C6-7E76710A6382}.Debug|x86.Build.0 = Debug|Any CPU
		{A2DD8F33-44E4-4788-82C6-7E76710A6382}.Release|x86.ActiveCfg = Release|Any CPU
		{A2DD8F33-44E4-4788-82C6-7E76710A6382}.Release|x86.Build.0 = Release|Any CPU
		{B5989920-7CBB-4691-A158-CC4FBBBA737E}.Debug|x86.ActiveCfg = Debug|Any CPU
		{B5989920-7CBB-4691-A158-CC4FBBBA737E}.Debug|x86.Build.0 = Debug|Any CPU
		{B5989920-7CBB-4691-A158-CC4FBBBA737E}.Release|x86.ActiveCfg = Release|Any CPU
		{B5989920-7CBB-4691-A158-CC4FBBBA737E}.Release|x86.Build.0 = Release|Any CPU
		{33CB866A-8756-463C-8B5F-9D1CB5C63D85}.Debug|x86.ActiveCfg = Debug|Any CPU
		{33CB866A-8756-463C-8B5F-9D1CB5C63D85}.Debug|x86.Build.0 = Debug|Any CPU
		{33CB866A-8756-463C-8B5F-9D1CB5C63D85}.Release|x86.ActiveCfg = Release|Any CPU
		{33CB866A-8756-463C-8B5F-9D1CB5C63D85}.Release|x86.Build.0 = Release|Any CPU
		{42DE07B7-6EF7-4FDD-AB1E-67B57E94759F}.Debug|x86.ActiveCfg = Debug|Any CPU
		{42DE07B7-6EF7-4FDD-AB1E-67B57E94759F}.Debug|x86.Build.0 = Debug|Any CPU
		{42DE07B7-6EF7-4FDD-AB1E-67B57E94759F}.Release|x86.ActiveCfg = Release|Any CPU
		{42DE07B7-6EF7-4FDD-AB1E-67B57E94759F}.Release|x86.Build.0 = Release|Any CPU
		{008559C4-057A-4EA8-8911-24A963E13573}.Debug|x86.ActiveCfg = Debug|Any CPU
		{008559C4-057A-4EA8-8911-24A963E13573}.Debug|x86.Build.0 = Debug|Any CPU
		{008559C4-057A-4EA8-8911-24A963E13573}.Release|x86.ActiveCfg = Release|Any CPU
		{008559C4-057A-4EA8-8911-24A963E13573}.Release|x86.Build.0 = Release|Any CPU
		{29BFFA6B-B266-4711-B048-D3443FB46D17}.Debug|x86.ActiveCfg = Debug|Any CPU
		{29BFFA6B-B266-4711-B048-D3443FB46D17}.Debug|x86.Build.0 = Debug|Any CPU
		{29BFFA6B-B266-4711-B048-D3443FB46D17}.Release|x86.ActiveCfg = Release|Any CPU
		{29BFFA6B-B266-4711-B048-D3443FB46D17}.Release|x86.Build.0 = Release|Any CPU
		{78CE1FAF-B2CB-482E-8C92-A12EE846DE2E}.Debug|x86.ActiveCfg = Debug|Any CPU
		{78CE1FAF-B2CB-482E-8C92-A12EE846DE2E}.Debug|x86.Build.0 = Debug|Any CPU
		{78CE1FAF-B2CB-482E-8C92-A12EE846DE2E}.Release|x86.ActiveCfg = Release|Any CPU
		{78CE1FAF-B2CB-482E-8C92-A12EE846DE2E}.Release|x86.Build.0 = Release|Any CPU
		{D266F40F-F1D2-42CA-8F7C-284EDAC1F2C3}.Debug|x86.ActiveCfg = Debug|Any CPU
		{D266F40F-F1D2-42CA-8F7C-284EDAC1F2C3}.Debug|x86.Build.0 = Debug|Any CPU
		{D266F40F-F1D2-42CA-8F7C-284EDAC1F2C3}.Release|x86.ActiveCfg = Release|Any CPU
		{D266F40F-F1D2-42CA-8F7C-284EDAC1F2C3}.Release|x86.Build.0 = Release|Any CPU
		{4BAD9772-7E59-48C9-8CE9-D47ADD8AB77D}.Debug|x86.ActiveCfg = Debug|Any CPU
		{4BAD9772-7E59-48C9-8CE9-D47ADD8AB77D}.Debug|x86.Build.0 = Debug|Any CPU
		{4BAD9772-7E59-48C9-8CE9-D47ADD8AB77D}.Release|x86.ActiveCfg = Release|Any CPU
		{4BAD9772-7E59-48C9-8CE9-D47ADD8AB77D}.Release|x86.Build.0 = Release|Any CPU
		{A6AE60A5-E85A-4F92-8702-5AD6CC72558A}.Debug|x86.ActiveCfg = Debug|Any CPU
		{A6AE60A5-E85A-4F92-8702-5AD6CC72558A}.Debug|x86.Build.0 = Debug|Any CPU
		{A6AE60A5-E85A-4F92-8702-5AD6CC72558A}.Release|x86.ActiveCfg = Release|Any CPU
		{A6AE60A5-E85A-4F92-8702-5AD6CC72558A}.Release|x86.Build.0 = Release|Any CPU
	EndGlobalSection
	GlobalSection(NestedProjects) = preSolution
		{19D309CD-D1A2-48B3-99FE-A48DDB6ACCC7} = {A34D35C8-BECA-4111-BEA5-55BFC2AF38E9}
		{2C369DF6-A351-4A20-A6E8-529F52C23E3B} = {A34D35C8-BECA-4111-BEA5-55BFC2AF38E9}
		{A16D68CA-A39A-40DB-B171-62D869A12FFD} = {A34D35C8-BECA-4111-BEA5-55BFC2AF38E9}
		{1B47246D-D37B-44B4-B592-7964DBBAF158} = {A34D35C8-BECA-4111-BEA5-55BFC2AF38E9}
		{17DB9A0B-5C9A-4357-8767-46D81EFE2F21} = {A34D35C8-BECA-4111-BEA5-55BFC2AF38E9}
		{D54CA3D4-BA52-4520-8CF7-EFBB287CE090} = {A34D35C8-BECA-4111-BEA5-55BFC2AF38E9}
		{2B4621FC-49B0-4CD7-8E5C-30CA21452AB2} = {A34D35C8-BECA-4111-BEA5-55BFC2AF38E9}
		{85B72074-49F4-4EF6-A7D9-ADAA090C4128} = {A34D35C8-BECA-4111-BEA5-55BFC2AF38E9}
		{CC272475-551A-4057-A836-0386BB8282D0} = {861AC0EC-DFC8-4310-B018-287C988665BA}
		{71F0380C-1CDE-424F-8815-12FB81A593C5} = {861AC0EC-DFC8-4310-B018-287C988665BA}
		{4E6A68B5-D9DF-49BE-9171-4C4C1FFCB4D1} = {861AC0EC-DFC8-4310-B018-287C988665BA}
		{7099AB22-7503-46AC-B3EE-6B30A2D43661} = {861AC0EC-DFC8-4310-B018-287C988665BA}
		{6B780DD1-0B6D-4196-9FB4-5DA342661B86} = {861AC0EC-DFC8-4310-B018-287C988665BA}
		{086C8554-F53C-469E-9730-1247D19B3F1E} = {861AC0EC-DFC8-4310-B018-287C988665BA}
		{1C842277-D9F1-4663-B00A-074143AD8111} = {3FAE5F38-B50C-4E9E-9076-3F70DDF21511}
		{A776324A-C1AA-43B4-8A4B-D72D378CD9FF} = {3FAE5F38-B50C-4E9E-9076-3F70DDF21511}
		{09C39BD4-465D-490B-B687-8AF96A03AF46} = {3FAE5F38-B50C-4E9E-9076-3F70DDF21511}
		{13935F19-FC05-4CD5-9594-C110A374C26F} = {3FAE5F38-B50C-4E9E-9076-3F70DDF21511}
		{262226FA-AA24-47CD-86EC-4C4169D07412} = {3FAE5F38-B50C-4E9E-9076-3F70DDF21511}
		{E4DDB1DA-E19E-4BFC-B614-5E6524E11257} = {3FAE5F38-B50C-4E9E-9076-3F70DDF21511}
		{0273C97B-FDA1-45C7-9EE0-934ECD781A07} = {3FAE5F38-B50C-4E9E-9076-3F70DDF21511}
		{9E152638-4197-4B35-B8F4-1A3374E6CA37} = {3FAE5F38-B50C-4E9E-9076-3F70DDF21511}
		{57362F82-302F-4D99-8200-DBE4AD0E1938} = {3FAE5F38-B50C-4E9E-9076-3F70DDF21511}
		{6F7DBD06-FEC4-417E-9617-D76310C568C3} = {4BC641BB-3051-43C2-B269-4990515D2AB9}
		{5E0E2C1E-6799-48DB-8F40-625F616607C3} = {4BC641BB-3051-43C2-B269-4990515D2AB9}
		{C47423E0-CF15-457F-8699-686C36E25C6F} = {4BC641BB-3051-43C2-B269-4990515D2AB9}
		{A2DD8F33-44E4-4788-82C6-7E76710A6382} = {4BC641BB-3051-43C2-B269-4990515D2AB9}
		{B5989920-7CBB-4691-A158-CC4FBBBA737E} = {4BC641BB-3051-43C2-B269-4990515D2AB9}
		{33CB866A-8756-463C-8B5F-9D1CB5C63D85} = {4BC641BB-3051-43C2-B269-4990515D2AB9}
		{42DE07B7-6EF7-4FDD-AB1E-67B57E94759F} = {4BC641BB-3051-43C2-B269-4990515D2AB9}
		{008559C4-057A-4EA8-8911-24A963E13573} = {C1E2DC2E-278B-417F-B6DD-9E9C6EBCA15C}
		{29BFFA6B-B266-4711-B048-D3443FB46D17} = {C1E2DC2E-278B-417F-B6DD-9E9C6EBCA15C}
		{D266F40F-F1D2-42CA-8F7C-284EDAC1F2C3} = {53026E80-92EE-4ABB-8454-0FA1294B0021}
		{4BAD9772-7E59-48C9-8CE9-D47ADD8AB77D} = {53026E80-92EE-4ABB-8454-0FA1294B0021}
		{A6AE60A5-E85A-4F92-8702-5AD6CC72558A} = {53026E80-92EE-4ABB-8454-0FA1294B0021}
	EndGlobalSection
EndGlobal
